
Microsoft Visual Studio Solution File, Format Version 12.00
# Visual Studio Version 17
VisualStudioVersion = 17.0.31903.59
MinimumVisualStudioVersion = 10.0.40219.1
Project("{2150E333-8FDC-42A3-9474-1A3956D46DE8}") = "src", "src", "{F9B1D77A-06D0-4D4F-A61E-FCE62CC16761}"
EndProject
Project("{FAE04EC0-301F-11D3-BF4B-00C04F79EFBC}") = "WheelMix", "src\WheelMix\WheelMix.csproj", "{318CBEC8-B6EB-4338-A059-D308CFE2E3B0}"
EndProject
Global
	GlobalSection(SolutionConfigurationPlatforms) = preSolution
		Debug|Any CPU = Debug|Any CPU
		Release|Any CPU = Release|Any CPU
	EndGlobalSection
	GlobalSection(SolutionProperties) = preSolution
		HideSolutionNode = FALSE
	EndGlobalSection
	GlobalSection(ProjectConfigurationPlatforms) = postSolution
		{318CBEC8-B6EB-4338-A059-D308CFE2E3B0}.Debug|Any CPU.ActiveCfg = Debug|Any CPU
		{318CBEC8-B6EB-4338-A059-D308CFE2E3B0}.Debug|Any CPU.Build.0 = Debug|Any CPU
		{318CBEC8-B6EB-4338-A059-D308CFE2E3B0}.Release|Any CPU.ActiveCfg = Release|Any CPU
		{318CBEC8-B6EB-4338-A059-D308CFE2E3B0}.Release|Any CPU.Build.0 = Release|Any CPU
	EndGlobalSection
	GlobalSection(NestedProjects) = preSolution
		{318CBEC8-B6EB-4338-A059-D308CFE2E3B0} = {F9B1D77A-06D0-4D4F-A61E-FCE62CC16761}
	EndGlobalSection
EndGlobal
